
Microsoft Visual Studio Solution File, Format Version 12.00
# Visual Studio Version 17
VisualStudioVersion = 17.9.34622.214
MinimumVisualStudioVersion = 10.0.40219.1
Project("{9A19103F-16F7-4668-BE54-9A1E7A4F7556}") = "ConnectMSG", "ConnectMSG.csproj", "{54696004-E6B6-4310-A59D-57F0AACC9613}"
EndProject
Global
	GlobalSection(SolutionConfigurationPlatforms) = preSolution
		Debug|Any CPU = Debug|Any CPU
		Release|Any CPU = Release|Any CPU
	EndGlobalSection
	GlobalSection(ProjectConfigurationPlatforms) = postSolution
		{54696004-E6B6-4310-A59D-57F0AACC9613}.Debug|Any CPU.ActiveCfg = Debug|Any CPU
		{54696004-E6B6-4310-A59D-57F0AACC9613}.Debug|Any CPU.Build.0 = Debug|Any CPU
		{54696004-E6B6-4310-A59D-57F0AACC9613}.Release|Any CPU.ActiveCfg = Release|Any CPU
		{54696004-E6B6-4310-A59D-57F0AACC9613}.Release|Any CPU.Build.0 = Release|Any CPU
	EndGlobalSection
	GlobalSection(SolutionProperties) = preSolution
		HideSolutionNode = FALSE
	EndGlobalSection
	GlobalSection(ExtensibilityGlobals) = postSolution
		SolutionGuid = {EBB236D4-3B1D-4DC9-A35C-276CBF51D225}
	EndGlobalSection
EndGlobal
